{
  "object": {
    "pins": [
      {
        "package": "swift-log",
        "repositoryURL": "https://github.com/apple/swift-log.git",
        "state": {
          "branch": null,
          "revision": "5d66f7ba25daf4f94100e7022febf3c75e37a6c7",
          "version": "1.4.2"
        }
      },
      {
        "package": "PcgRandom",
        "repositoryURL": "https://github.com/paiv/swift-pcg-random.git",
        "state": {
          "branch": null,
          "revision": "9008021a68686c1ce913eb273e016c2db184f3dd",
          "version": "1.2.1"
        }
      }
    ]
  },
  "version": 1
}
